// !$*UTF8*$!
{
	archiveVersion = 1;
	classes = {
	};
	objectVersion = 46;
	objects = {

/* Begin PBXBuildFile section */
		1FC1B1461EAC87C90009D425 /* AppDelegate.swift in Sources */ = {isa = PBXBuildFile; fileRef = 1FC1B1451EAC87C90009D425 /* AppDelegate.swift */; };
		1FC1B1481EAC87C90009D425 /* ViewController.swift in Sources */ = {isa = PBXBuildFile; fileRef = 1FC1B1471EAC87C90009D425 /* ViewController.swift */; };
		1FC1B14B1EAC87C90009D425 /* Main.storyboard in Resources */ = {isa = PBXBuildFile; fileRef = 1FC1B1491EAC87C90009D425 /* Main.storyboard */; };
		1FC1B14D1EAC87C90009D425 /* Assets.xcassets in Resources */ = {isa = PBXBuildFile; fileRef = 1FC1B14C1EAC87C90009D425 /* Assets.xcassets */; };
		1FC1B1501EAC87C90009D425 /* LaunchScreen.storyboard in Resources */ = {isa = PBXBuildFile; fileRef = 1FC1B14E1EAC87C90009D425 /* LaunchScreen.storyboard */; };
/* End PBXBuildFile section */

/* Begin PBXFileReference section */
		1FC1B1421EAC87C90009D425 /* iOSHTTPCookie.app */ = {isa = PBXFileReference; explicitFileType = wrapper.application; includeInIndex = 0; path = iOSHTTPCookie.app; sourceTree = BUILT_PRODUCTS_DIR; };
		1FC1B1451EAC87C90009D425 /* AppDelegate.swift */ = {isa = PBXFileReference; lastKnownFileType = sourcecode.swift; path = AppDelegate.swift; sourceTree = "<group>"; };
		1FC1B1471EAC87C90009D425 /* ViewController.swift */ = {isa = PBXFileReference; lastKnownFileType = sourcecode.swift; path = ViewController.swift; sourceTree = "<group>"; };
		1FC1B14A1EAC87C90009D425 /* Base */ = {isa = PBXFileReference; lastKnownFileType = file.storyboard; name = Base; path = Base.lproj/Main.storyboard; sourceTree = "<group>"; };
		1FC1B14C1EAC87C90009D425 /* Assets.xcassets */ = {isa = PBXFileReference; lastKnownFileType = folder.assetcatalog; path = Assets.xcassets; sourceTree = "<group>"; };
		1FC1B14F1EAC87C90009D425 /* Base */ = {isa = PBXFileReference; lastKnownFileType = file.storyboard; name = Base; path = Base.lproj/LaunchScreen.storyboard; sourceTree = "<group>"; };
		1FC1B1511EAC87C90009D425 /* Info.plist */ = {isa = PBXFileReference; lastKnownFileType = text.plist.xml; path = Info.plist; sourceTree = "<group>"; };
/* End PBXFileReference section */

/* Begin PBXFrameworksBuildPhase section */
		1FC1B13F1EAC87C90009D425 /* Frameworks */ = {
			isa = PBXFrameworksBuildPhase;
			buildActionMask = 2147483647;
			files = (
			);
			runOnlyForDeploymentPostprocessing = 0;
		};
/* End PBXFrameworksBuildPhase section */

/* Begin PBXGroup section */
		1FC1B1391EAC87C90009D425 = {
			isa = PBXGroup;
			children = (
				1FC1B1441EAC87C90009D425 /* iOSHTTPCookie */,
				1FC1B1431EAC87C90009D425 /* Products */,
			);
			sourceTree = "<group>";
		};
		1FC1B1431EAC87C90009D425 /* Products */ = {
			isa = PBXGroup;
			children = (
				1FC1B1421EAC87C90009D425 /* iOSHTTPCookie.app */,
			);
			name = Products;
			sourceTree = "<group>";
		};
		1FC1B1441EAC87C90009D425 /* iOSHTTPCookie */ = {
			isa = PBXGroup;
			children = (
				1FC1B1451EAC87C90009D425 /* AppDelegate.swift */,
				1FC1B1471EAC87C90009D425 /* ViewController.swift */,
				1FC1B1491EAC87C90009D425 /* Main.storyboard */,
				1FC1B14C1EAC87C90009D425 /* Assets.xcassets */,
				1FC1B14E1EAC87C90009D425 /* LaunchScreen.storyboard */,
				1FC1B1511EAC87C90009D425 /* Info.plist */,
			);
			path = iOSHTTPCookie;
			sourceTree = "<group>";
		};
/* End PBXGroup section */

/* Begin PBXNativeTarget section */
		1FC1B1411EAC87C90009D425 /* iOSHTTPCookie */ = {
			isa = PBXNativeTarget;
			buildConfigurationList = 1FC1B1541EAC87C90009D425 /* Build configuration list for PBXNativeTarget "iOSHTTPCookie" */;
			buildPhases = (
				1FC1B13E1EAC87C90009D425 /* Sources */,
				1FC1B13F1EAC87C90009D425 /* Frameworks */,
				1FC1B1401EAC87C90009D425 /* Resources */,
			);
			buildRules = (
			);
			dependencies = (
			);
			name = iOSHTTPCookie;
			productName = iOSHTTPCookie;
			productReference = 1FC1B1421EAC87C90009D425 /* iOSHTTPCookie.app */;
			productType = "com.apple.product-type.application";
		};
/* End PBXNativeTarget section */

/* Begin PBXProject section */
		1FC1B13A1EAC87C90009D425 /* Project object */ = {
			isa = PBXProject;
			attributes = {
				LastSwiftUpdateCheck = 0830;
				LastUpgradeCheck = 0830;
				ORGANIZATIONNAME = ekwing;
				TargetAttributes = {
					1FC1B1411EAC87C90009D425 = {
						CreatedOnToolsVersion = 8.3.1;
						DevelopmentTeam = 99PJ6X3Z7H;
						ProvisioningStyle = Automatic;
					};
				};
			};
			buildConfigurationList = 1FC1B13D1EAC87C90009D425 /* Build configuration list for PBXProject "iOSHTTPCookie" */;
			compatibilityVersion = "Xcode 3.2";
			developmentRegion = English;
			hasScannedForEncodings = 0;
			knownRegions = (
				en,
				Base,
			);
			mainGroup = 1FC1B1391EAC87C90009D425;
			productRefGroup = 1FC1B1431EAC87C90009D425 /* Products */;
			projectDirPath = "";
			projectRoot = "";
			targets = (
				1FC1B1411EAC87C90009D425 /* iOSHTTPCookie */,
			);
		};
/* End PBXProject section */

/* Begin PBXResourcesBuildPhase section */
		1FC1B1401EAC87C90009D425 /* Resources */ = {
			isa = PBXResourcesBuildPhase;
			buildActionMask = 2147483647;
			files = (
				1FC1B1501EAC87C90009D425 /* LaunchScreen.storyboard in Resources */,
				1FC1B14D1EAC87C90009D425 /* Assets.xcassets in Resources */,
				1FC1B14B1EAC87C90009D425 /* Main.storyboard in Resources */,
			);
			runOnlyForDeploymentPostprocessing = 0;
		};
/* End PBXResourcesBuildPhase section */

/* Begin PBXSourcesBuildPhase section */
		1FC1B13E1EAC87C90009D425 /* Sources */ = {
			isa = PBXSourcesBuildPhase;
			buildActionMask = 2147483647;
			files = (
				1FC1B1481EAC87C90009D425 /* ViewController.swift in Sources */,
				1FC1B1461EAC87C90009D425 /* AppDelegate.swift in Sources */,
			);
			runOnlyForDeploymentPostprocessing = 0;
		};
/* End PBXSourcesBuildPhase section */

/* Begin PBXVariantGroup section */
		1FC1B1491EAC87C90009D425 /* Main.storyboard */ = {
			isa = PBXVariantGroup;
			children = (
				1FC1B14A1EAC87C90009D425 /* Base */,
			);
			name = Main.storyboard;
			sourceTree = "<group>";
		};
		1FC1B14E1EAC87C90009D425 /* LaunchScreen.storyboard */ = {
			isa = PBXVariantGroup;
			children = (
				1FC1B14F1EAC87C90009D425 /* Base */,
			);
			name = LaunchScreen.storyboard;
			sourceTree = "<group>";
		};
/* End PBXVariantGroup section */

/* Begin XCBuildConfiguration section */
		1FC1B1521EAC87C90009D425 /* Debug */ = {
			isa = XCBuildConfiguration;
			buildSettings = {
				ALWAYS_SEARCH_USER_PATHS = NO;
				CLANG_ANALYZER_NONNULL = YES;
				CLANG_ANALYZER_NUMBER_OBJECT_CONVERSION = YES_AGGRESSIVE;
				CLANG_CXX_LANGUAGE_STANDARD = "gnu++0x";
				CLANG_CXX_LIBRARY = "libc++";
				CLANG_ENABLE_MODULES = YES;
				CLANG_ENABLE_OBJC_ARC = YES;
				CLANG_WARN_BOOL_CONVERSION = YES;
				CLANG_WARN_CONSTANT_CONVERSION = YES;
				CLANG_WARN_DIRECT_OBJC_ISA_USAGE = YES_ERROR;
				CLANG_WARN_DOCUMENTATION_COMMENTS = YES;
				CLANG_WARN_EMPTY_BODY = YES;
				CLANG_WARN_ENUM_CONVERSION = YES;
				CLANG_WARN_INFINITE_RECURSION = YES;
				CLANG_WARN_INT_CONVERSION = YES;
				CLANG_WARN_OBJC_ROOT_CLASS = YES_ERROR;
				CLANG_WARN_SUSPICIOUS_MOVE = YES;
				CLANG_WARN_UNREACHABLE_CODE = YES;
				CLANG_WARN__DUPLICATE_METHOD_MATCH = YES;
				"CODE_SIGN_IDENTITY[sdk=iphoneos*]" = "iPhone Developer";
				COPY_PHASE_STRIP = NO;
				DEBUG_INFORMATION_FORMAT = dwarf;
				ENABLE_STRICT_OBJC_MSGSEND = YES;
				ENABLE_TESTABILITY = YES;
				GCC_C_LANGUAGE_STANDARD = gnu99;
				GCC_DYNAMIC_NO_PIC = NO;
				GCC_NO_COMMON_BLOCKS = YES;
				GCC_OPTIMIZATION_LEVEL = 0;
				GCC_PREPROCESSOR_DEFINITIONS = (
					"DEBUG=1",
					"$(inherited)",
				);
				GCC_WARN_64_TO_32_BIT_CONVERSION = YES;
				GCC_WARN_ABOUT_RETURN_TYPE = YES_ERROR;
				GCC_WARN_UNDECLARED_SELECTOR = YES;
				GCC_WARN_UNINITIALIZED_AUTOS = YES_AGGRESSIVE;
				GCC_WARN_UNUSED_FUNCTION = YES;
				GCC_WARN_UNUSED_VARIABLE = YES;
				IPHONEOS_DEPLOYMENT_TARGET = 10.3;
				MTL_ENABLE_DEBUG_INFO = YES;
				ONLY_ACTIVE_ARCH = YES;
				SDKROOT = iphoneos;
				SWIFT_ACTIVE_COMPILATION_CONDITIONS = DEBUG;
				SWIFT_OPTIMIZATION_LEVEL = "-Onone";
			};
			name = Debug;
		};
		1FC1B1531EAC87C90009D425 /* Release */ = {
			isa = XCBuildConfiguration;
			buildSettings = {
				ALWAYS_SEARCH_USER_PATHS = NO;
				CLANG_ANALYZER_NONNULL = YES;
				CLANG_ANALYZER_NUMBER_OBJECT_CONVERSION = YES_AGGRESSIVE;
				CLANG_CXX_LANGUAGE_STANDARD = "gnu++0x";
				CLANG_CXX_LIBRARY = "libc++";
				CLANG_ENABLE_MODULES = YES;
				CLANG_ENABLE_OBJC_ARC = YES;
				CLANG_WARN_BOOL_CONVERSION = YES;
				CLANG_WARN_CONSTANT_CONVERSION = YES;
				CLANG_WARN_DIRECT_OBJC_ISA_USAGE = YES_ERROR;
				CLANG_WARN_DOCUMENTATION_COMMENTS = YES;
				CLANG_WARN_EMPTY_BODY = YES;
				CLANG_WARN_ENUM_CONVERSION = YES;
				CLANG_WARN_INFINITE_RECURSION = YES;
				CLANG_WARN_INT_CONVERSION = YES;
				CLANG_WARN_OBJC_ROOT_CLASS = YES_ERROR;
				CLANG_WARN_SUSPICIOUS_MOVE = YES;
				CLANG_WARN_UNREACHABLE_CODE = YES;
				CLANG_WARN__DUPLICATE_METHOD_MATCH = YES;
				"CODE_SIGN_IDENTITY[sdk=iphoneos*]" = "iPhone Developer";
				COPY_PHASE_STRIP = NO;
				DEBUG_INFORMATION_FORMAT = "dwarf-with-dsym";
				ENABLE_NS_ASSERTIONS = NO;
				ENABLE_STRICT_OBJC_MSGSEND = YES;
				GCC_C_LANGUAGE_STANDARD = gnu99;
				GCC_NO_COMMON_BLOCKS = YES;
				GCC_WARN_64_TO_32_BIT_CONVERSION = YES;
				GCC_WARN_ABOUT_RETURN_TYPE = YES_ERROR;
				GCC_WARN_UNDECLARED_SELECTOR = YES;
				GCC_WARN_UNINITIALIZED_AUTOS = YES_AGGRESSIVE;
				GCC_WARN_UNUSED_FUNCTION = YES;
				GCC_WARN_UNUSED_VARIABLE = YES;
				IPHONEOS_DEPLOYMENT_TARGET = 10.3;
				MTL_ENABLE_DEBUG_INFO = NO;
				SDKROOT = iphoneos;
				SWIFT_OPTIMIZATION_LEVEL = "-Owholemodule";
				VALIDATE_PRODUCT = YES;
			};
			name = Release;
		};
		1FC1B1551EAC87C90009D425 /* Debug */ = {
			isa = XCBuildConfiguration;
			buildSettings = {
				ASSETCATALOG_COMPILER_APPICON_NAME = AppIcon;
				DEVELOPMENT_TEAM = 99PJ6X3Z7H;
				INFOPLIST_FILE = iOSHTTPCookie/Info.plist;
				LD_RUNPATH_SEARCH_PATHS = "$(inherited) @executable_path/Frameworks";
				PRODUCT_BUNDLE_IDENTIFIER = com.ekwing.iOSHTTPCookie;
				PRODUCT_NAME = "$(TARGET_NAME)";
				SWIFT_VERSION = 3.0;
			};
			name = Debug;
		};
		1FC1B1561EAC87C90009D425 /* Release */ = {
			isa = XCBuildConfiguration;
			buildSettings = {
				ASSETCATALOG_COMPILER_APPICON_NAME = AppIcon;
				DEVELOPMENT_TEAM = 99PJ6X3Z7H;
				INFOPLIST_FILE = iOSHTTPCookie/Info.plist;
				LD_RUNPATH_SEARCH_PATHS = "$(inherited) @executable_path/Frameworks";
				PRODUCT_BUNDLE_IDENTIFIER = com.ekwing.iOSHTTPCookie;
				PRODUCT_NAME = "$(TARGET_NAME)";
				SWIFT_VERSION = 3.0;
			};
			name = Release;
		};
/* End XCBuildConfiguration section */

/* Begin XCConfigurationList section */
		1FC1B13D1EAC87C90009D425 /* Build configuration list for PBXProject "iOSHTTPCookie" */ = {
			isa = XCConfigurationList;
			buildConfigurations = (
				1FC1B1521EAC87C90009D425 /* Debug */,
				1FC1B1531EAC87C90009D425 /* Release */,
			);
			defaultConfigurationIsVisible = 0;
			defaultConfigurationName = Release;
		};
		1FC1B1541EAC87C90009D425 /* Build configuration list for PBXNativeTarget "iOSHTTPCookie" */ = {
			isa = XCConfigurationList;
			buildConfigurations = (
				1FC1B1551EAC87C90009D425 /* Debug */,
				1FC1B1561EAC87C90009D425 /* Release */,
			);
			defaultConfigurationIsVisible = 0;
		};
/* End XCConfigurationList section */
	};
	rootObject = 1FC1B13A1EAC87C90009D425 /* Project object */;
}
